{
  "object": {
    "pins": [
      {
        "package": "SnapKit",
        "repositoryURL": "https://github.com/akolov/SnapKit.git",
        "state": {
          "branch": "develop",
          "revision": "ee20f0f23f2dd47d1ff243aff82f2b08f9537101",
          "version": null
        }
      }
    ]
  },
  "version": 1
}
