{
  "object": {
    "pins": [
      {
        "package": "SnapKit",
        "repositoryURL": "https://github.com/akolov/SnapKit.git",
        "state": {
          "branch": "develop",
          "revision": "32b847c2a50fbae2895a9b1e22ac7d6612929abb",
          "version": null
        }
      }
    ]
  },
  "version": 1
}
